
Microsoft Visual Studio Solution File, Format Version 12.00
# Visual Studio Version 17
VisualStudioVersion = 17.0.32126.317
MinimumVisualStudioVersion = 10.0.40219.1
Project("{FAE04EC0-301F-11D3-BF4B-00C04F79EFBC}") = "Hb.Desktop", "Main\Hb.Desktop\Hb.Desktop.csproj", "{680FA535-8BFA-43F1-AB23-DEBA68FC99B8}"
EndProject
Project("{2150E333-8FDC-42A3-9474-1A3956D46DE8}") = "Main", "Main", "{CE2BDEA0-58A7-4C5E-B8A6-A5904E522E5A}"
EndProject
Project("{2150E333-8FDC-42A3-9474-1A3956D46DE8}") = "Addins", "Addins", "{C5EEE677-B077-4D89-96FB-090071B0B60C}"
EndProject
Project("{2150E333-8FDC-42A3-9474-1A3956D46DE8}") = "Tests", "Tests", "{B618259A-E933-494C-AF6C-B5201214CA68}"
EndProject
Project("{2150E333-8FDC-42A3-9474-1A3956D46DE8}") = "Tools", "Tools", "{9E141645-34F2-48AA-8ED1-7A3707BCC273}"
EndProject
Project("{FAE04EC0-301F-11D3-BF4B-00C04F79EFBC}") = "Hb.UpdateAssemblyInfo", "Tool\Hb.UpdateAssemblyInfo\Hb.UpdateAssemblyInfo.csproj", "{084F1112-6710-4547-9AD5-4E7DA79B8492}"
EndProject
Project("{2150E333-8FDC-42A3-9474-1A3956D46DE8}") = "Libs", "Libs", "{04FB1FF8-4DF9-4035-B797-872CDAB00D75}"
EndProject
Project("{FAE04EC0-301F-11D3-BF4B-00C04F79EFBC}") = "Hb.AutoComplateTextBox", "Libs\Hb.AutoComplateTextBox\Hb.AutoComplateTextBox.csproj", "{67507DEF-B606-4275-B4A2-AF58A377E9BE}"
EndProject
Project("{FAE04EC0-301F-11D3-BF4B-00C04F79EFBC}") = "Hb", "Main\Hb\Hb.csproj", "{BC66B4F0-98C6-4308-9290-207F3FE0652B}"
EndProject
Project("{FAE04EC0-301F-11D3-BF4B-00C04F79EFBC}") = "Hb.Addins", "Addins\Hb.Addins\Hb.Addins.csproj", "{DC7B0179-901A-442E-A282-05BFD8EC0F8D}"
EndProject
Project("{FAE04EC0-301F-11D3-BF4B-00C04F79EFBC}") = "Hb.Desktop.Addins", "Main\Hb.Desktop.Addins\Hb.Desktop.Addins.csproj", "{AA1BB4B8-2EFC-4223-9139-2DD7F3D70CBF}"
EndProject
Project("{FAE04EC0-301F-11D3-BF4B-00C04F79EFBC}") = "Hb.Desktop.Modules", "Main\Hb.Desktop.Modules\Hb.Desktop.Modules.csproj", "{1D97F99A-BFB8-40F0-BB28-E3773912CDA1}"
EndProject
Project("{2150E333-8FDC-42A3-9474-1A3956D46DE8}") = "UI", "UI", "{2EEF8C99-5EDE-4F05-9209-4D3BE161E5A2}"
EndProject
Project("{FAE04EC0-301F-11D3-BF4B-00C04F79EFBC}") = "Hb.UI", "UI\Hb.UI\Hb.UI.csproj", "{08DFBA70-A3D3-41CB-B3EF-8877BFDDEFF4}"
EndProject
Project("{FAE04EC0-301F-11D3-BF4B-00C04F79EFBC}") = "Hb.UI.WPF4", "UI\Hb.UI.WPF4\Hb.UI.WPF4.csproj", "{A2682222-6A19-4D37-B135-74AEAD6690F4}"
EndProject
Project("{D954291E-2A0B-460D-934E-DC6B0785DB48}") = "Shared", "UI\Shared\Shared.shproj", "{4274D6AF-C96A-4437-82D5-7CEFC23BE6B1}"
EndProject
Global
	GlobalSection(SharedMSBuildProjectFiles) = preSolution
		UI\Shared\Shared.projitems*{08dfba70-a3d3-41cb-b3ef-8877bfddeff4}*SharedItemsImports = 4
		UI\Shared\Shared.projitems*{4274d6af-c96a-4437-82d5-7cefc23be6b1}*SharedItemsImports = 13
		UI\Shared\Shared.projitems*{a2682222-6a19-4d37-b135-74aead6690f4}*SharedItemsImports = 4
	EndGlobalSection
	GlobalSection(SolutionConfigurationPlatforms) = preSolution
		Debug|Any CPU = Debug|Any CPU
		Release|Any CPU = Release|Any CPU
	EndGlobalSection
	GlobalSection(ProjectConfigurationPlatforms) = postSolution
		{680FA535-8BFA-43F1-AB23-DEBA68FC99B8}.Debug|Any CPU.ActiveCfg = Debug|Any CPU
		{680FA535-8BFA-43F1-AB23-DEBA68FC99B8}.Debug|Any CPU.Build.0 = Debug|Any CPU
		{680FA535-8BFA-43F1-AB23-DEBA68FC99B8}.Release|Any CPU.ActiveCfg = Release|Any CPU
		{680FA535-8BFA-43F1-AB23-DEBA68FC99B8}.Release|Any CPU.Build.0 = Release|Any CPU
		{084F1112-6710-4547-9AD5-4E7DA79B8492}.Debug|Any CPU.ActiveCfg = Debug|Any CPU
		{084F1112-6710-4547-9AD5-4E7DA79B8492}.Debug|Any CPU.Build.0 = Debug|Any CPU
		{084F1112-6710-4547-9AD5-4E7DA79B8492}.Release|Any CPU.ActiveCfg = Release|Any CPU
		{084F1112-6710-4547-9AD5-4E7DA79B8492}.Release|Any CPU.Build.0 = Release|Any CPU
		{67507DEF-B606-4275-B4A2-AF58A377E9BE}.Debug|Any CPU.ActiveCfg = Debug|Any CPU
		{67507DEF-B606-4275-B4A2-AF58A377E9BE}.Debug|Any CPU.Build.0 = Debug|Any CPU
		{67507DEF-B606-4275-B4A2-AF58A377E9BE}.Release|Any CPU.ActiveCfg = Release|Any CPU
		{67507DEF-B606-4275-B4A2-AF58A377E9BE}.Release|Any CPU.Build.0 = Release|Any CPU
		{BC66B4F0-98C6-4308-9290-207F3FE0652B}.Debug|Any CPU.ActiveCfg = Debug|Any CPU
		{BC66B4F0-98C6-4308-9290-207F3FE0652B}.Debug|Any CPU.Build.0 = Debug|Any CPU
		{BC66B4F0-98C6-4308-9290-207F3FE0652B}.Release|Any CPU.ActiveCfg = Release|Any CPU
		{BC66B4F0-98C6-4308-9290-207F3FE0652B}.Release|Any CPU.Build.0 = Release|Any CPU
		{DC7B0179-901A-442E-A282-05BFD8EC0F8D}.Debug|Any CPU.ActiveCfg = Debug|Any CPU
		{DC7B0179-901A-442E-A282-05BFD8EC0F8D}.Debug|Any CPU.Build.0 = Debug|Any CPU
		{DC7B0179-901A-442E-A282-05BFD8EC0F8D}.Release|Any CPU.ActiveCfg = Release|Any CPU
		{DC7B0179-901A-442E-A282-05BFD8EC0F8D}.Release|Any CPU.Build.0 = Release|Any CPU
		{AA1BB4B8-2EFC-4223-9139-2DD7F3D70CBF}.Debug|Any CPU.ActiveCfg = Debug|Any CPU
		{AA1BB4B8-2EFC-4223-9139-2DD7F3D70CBF}.Debug|Any CPU.Build.0 = Debug|Any CPU
		{AA1BB4B8-2EFC-4223-9139-2DD7F3D70CBF}.Release|Any CPU.ActiveCfg = Release|Any CPU
		{AA1BB4B8-2EFC-4223-9139-2DD7F3D70CBF}.Release|Any CPU.Build.0 = Release|Any CPU
		{1D97F99A-BFB8-40F0-BB28-E3773912CDA1}.Debug|Any CPU.ActiveCfg = Debug|Any CPU
		{1D97F99A-BFB8-40F0-BB28-E3773912CDA1}.Debug|Any CPU.Build.0 = Debug|Any CPU
		{1D97F99A-BFB8-40F0-BB28-E3773912CDA1}.Release|Any CPU.ActiveCfg = Release|Any CPU
		{1D97F99A-BFB8-40F0-BB28-E3773912CDA1}.Release|Any CPU.Build.0 = Release|Any CPU
		{08DFBA70-A3D3-41CB-B3EF-8877BFDDEFF4}.Debug|Any CPU.ActiveCfg = Debug|Any CPU
		{08DFBA70-A3D3-41CB-B3EF-8877BFDDEFF4}.Debug|Any CPU.Build.0 = Debug|Any CPU
		{08DFBA70-A3D3-41CB-B3EF-8877BFDDEFF4}.Release|Any CPU.ActiveCfg = Release|Any CPU
		{08DFBA70-A3D3-41CB-B3EF-8877BFDDEFF4}.Release|Any CPU.Build.0 = Release|Any CPU
		{A2682222-6A19-4D37-B135-74AEAD6690F4}.Debug|Any CPU.ActiveCfg = Debug|Any CPU
		{A2682222-6A19-4D37-B135-74AEAD6690F4}.Debug|Any CPU.Build.0 = Debug|Any CPU
		{A2682222-6A19-4D37-B135-74AEAD6690F4}.Release|Any CPU.ActiveCfg = Release|Any CPU
		{A2682222-6A19-4D37-B135-74AEAD6690F4}.Release|Any CPU.Build.0 = Release|Any CPU
	EndGlobalSection
	GlobalSection(SolutionProperties) = preSolution
		HideSolutionNode = FALSE
	EndGlobalSection
	GlobalSection(NestedProjects) = preSolution
		{680FA535-8BFA-43F1-AB23-DEBA68FC99B8} = {CE2BDEA0-58A7-4C5E-B8A6-A5904E522E5A}
		{084F1112-6710-4547-9AD5-4E7DA79B8492} = {9E141645-34F2-48AA-8ED1-7A3707BCC273}
		{67507DEF-B606-4275-B4A2-AF58A377E9BE} = {04FB1FF8-4DF9-4035-B797-872CDAB00D75}
		{BC66B4F0-98C6-4308-9290-207F3FE0652B} = {CE2BDEA0-58A7-4C5E-B8A6-A5904E522E5A}
		{DC7B0179-901A-442E-A282-05BFD8EC0F8D} = {C5EEE677-B077-4D89-96FB-090071B0B60C}
		{AA1BB4B8-2EFC-4223-9139-2DD7F3D70CBF} = {CE2BDEA0-58A7-4C5E-B8A6-A5904E522E5A}
		{1D97F99A-BFB8-40F0-BB28-E3773912CDA1} = {CE2BDEA0-58A7-4C5E-B8A6-A5904E522E5A}
		{08DFBA70-A3D3-41CB-B3EF-8877BFDDEFF4} = {2EEF8C99-5EDE-4F05-9209-4D3BE161E5A2}
		{A2682222-6A19-4D37-B135-74AEAD6690F4} = {2EEF8C99-5EDE-4F05-9209-4D3BE161E5A2}
		{4274D6AF-C96A-4437-82D5-7CEFC23BE6B1} = {2EEF8C99-5EDE-4F05-9209-4D3BE161E5A2}
	EndGlobalSection
	GlobalSection(ExtensibilityGlobals) = postSolution
		SolutionGuid = {D8370977-3CA6-4F20-B247-49F06A85438B}
	EndGlobalSection
EndGlobal
